{
  "originHash" : "aa0dcd710f6a686001f99d5fe87780f3d56cb6e384f358d25b3c3079bca1e2d4",
  "pins" : [
    {
      "identity" : "reactivecocoa",
      "kind" : "remoteSourceControl",
      "location" : "https://github.com/ReactiveCocoa/ReactiveCocoa.git",
      "state" : {
        "revision" : "8a5b07b18c6abb8e12fb845bf742675dc4914ed8",
        "version" : "12.0.0"
      }
    },
    {
      "identity" : "reactiveswift",
      "kind" : "remoteSourceControl",
      "location" : "https://github.com/ReactiveCocoa/ReactiveSwift",
      "state" : {
        "revision" : "a44317ce38b5bcce173b03f5d36cfdc939e1768b",
        "version" : "7.2.1"
      }
    }
  ],
  "version" : 3
}
