// !$*UTF8*$!
{
	archiveVersion = 1;
	classes = {
	};
	objectVersion = 56;
	objects = {

/* Begin PBXBuildFile section */
		D101A3DF2C75810F006EC2ED /* CarouselView.swift in Sources */ = {isa = PBXBuildFile; fileRef = D101A3DE2C75810F006EC2ED /* CarouselView.swift */; };
		D101A3E22C7587DA006EC2ED /* UINotificationFeedbackGenerator.swift in Sources */ = {isa = PBXBuildFile; fileRef = D101A3E12C7587DA006EC2ED /* UINotificationFeedbackGenerator.swift */; };
		D101A3E52C7588ED006EC2ED /* FocusStateSample.swift in Sources */ = {isa = PBXBuildFile; fileRef = D101A3E42C7588ED006EC2ED /* FocusStateSample.swift */; };
		D121D2952C7434AD002A9D46 /* TestDemoApp.swift in Sources */ = {isa = PBXBuildFile; fileRef = D121D2942C7434AD002A9D46 /* TestDemoApp.swift */; };
		D121D2972C7434AD002A9D46 /* ContentView.swift in Sources */ = {isa = PBXBuildFile; fileRef = D121D2962C7434AD002A9D46 /* ContentView.swift */; };
		D121D2992C7434AD002A9D46 /* Item.swift in Sources */ = {isa = PBXBuildFile; fileRef = D121D2982C7434AD002A9D46 /* Item.swift */; };
		D121D29B2C7434AE002A9D46 /* Assets.xcassets in Resources */ = {isa = PBXBuildFile; fileRef = D121D29A2C7434AE002A9D46 /* Assets.xcassets */; };
		D121D29E2C7434AE002A9D46 /* Preview Assets.xcassets in Resources */ = {isa = PBXBuildFile; fileRef = D121D29D2C7434AE002A9D46 /* Preview Assets.xcassets */; };
		D121D2A52C743A88002A9D46 /* LazyGridSample.swift in Sources */ = {isa = PBXBuildFile; fileRef = D121D2A42C743A88002A9D46 /* LazyGridSample.swift */; };
		D121D2A72C7468F4002A9D46 /* NavigationStackSample.swift in Sources */ = {isa = PBXBuildFile; fileRef = D121D2A62C7468F4002A9D46 /* NavigationStackSample.swift */; };
		D121D2A92C747C96002A9D46 /* ColorSample.swift in Sources */ = {isa = PBXBuildFile; fileRef = D121D2A82C747C96002A9D46 /* ColorSample.swift */; };
		D1A5392C2C770D400083C351 /* ViewManipulationDemo.swift in Sources */ = {isa = PBXBuildFile; fileRef = D1A5392B2C770D400083C351 /* ViewManipulationDemo.swift */; };
		D1A5392E2C7710C50083C351 /* MovieStore.swift in Sources */ = {isa = PBXBuildFile; fileRef = D1A5392D2C7710C50083C351 /* MovieStore.swift */; };
		D1A539302C7710EE0083C351 /* Movie.swift in Sources */ = {isa = PBXBuildFile; fileRef = D1A5392F2C7710EE0083C351 /* Movie.swift */; };
		D1A539322C7711DD0083C351 /* MovieListView.swift in Sources */ = {isa = PBXBuildFile; fileRef = D1A539312C7711DD0083C351 /* MovieListView.swift */; };
		D1A539342C7714BC0083C351 /* SampleMovieStoreEnvironment.swift in Sources */ = {isa = PBXBuildFile; fileRef = D1A539332C7714BC0083C351 /* SampleMovieStoreEnvironment.swift */; };
/* End PBXBuildFile section */

/* Begin PBXFileReference section */
		D101A3DE2C75810F006EC2ED /* CarouselView.swift */ = {isa = PBXFileReference; lastKnownFileType = sourcecode.swift; path = CarouselView.swift; sourceTree = "<group>"; };
		D101A3E12C7587DA006EC2ED /* UINotificationFeedbackGenerator.swift */ = {isa = PBXFileReference; lastKnownFileType = sourcecode.swift; path = UINotificationFeedbackGenerator.swift; sourceTree = "<group>"; };
		D101A3E42C7588ED006EC2ED /* FocusStateSample.swift */ = {isa = PBXFileReference; lastKnownFileType = sourcecode.swift; path = FocusStateSample.swift; sourceTree = "<group>"; };
		D121D2912C7434AD002A9D46 /* TestDemo.app */ = {isa = PBXFileReference; explicitFileType = wrapper.application; includeInIndex = 0; path = TestDemo.app; sourceTree = BUILT_PRODUCTS_DIR; };
		D121D2942C7434AD002A9D46 /* TestDemoApp.swift */ = {isa = PBXFileReference; lastKnownFileType = sourcecode.swift; path = TestDemoApp.swift; sourceTree = "<group>"; };
		D121D2962C7434AD002A9D46 /* ContentView.swift */ = {isa = PBXFileReference; lastKnownFileType = sourcecode.swift; path = ContentView.swift; sourceTree = "<group>"; };
		D121D2982C7434AD002A9D46 /* Item.swift */ = {isa = PBXFileReference; lastKnownFileType = sourcecode.swift; path = Item.swift; sourceTree = "<group>"; };
		D121D29A2C7434AE002A9D46 /* Assets.xcassets */ = {isa = PBXFileReference; lastKnownFileType = folder.assetcatalog; path = Assets.xcassets; sourceTree = "<group>"; };
		D121D29D2C7434AE002A9D46 /* Preview Assets.xcassets */ = {isa = PBXFileReference; lastKnownFileType = folder.assetcatalog; path = "Preview Assets.xcassets"; sourceTree = "<group>"; };
		D121D2A42C743A88002A9D46 /* LazyGridSample.swift */ = {isa = PBXFileReference; lastKnownFileType = sourcecode.swift; path = LazyGridSample.swift; sourceTree = "<group>"; };
		D121D2A62C7468F4002A9D46 /* NavigationStackSample.swift */ = {isa = PBXFileReference; lastKnownFileType = sourcecode.swift; path = NavigationStackSample.swift; sourceTree = "<group>"; };
		D121D2A82C747C96002A9D46 /* ColorSample.swift */ = {isa = PBXFileReference; lastKnownFileType = sourcecode.swift; path = ColorSample.swift; sourceTree = "<group>"; };
		D1A5392B2C770D400083C351 /* ViewManipulationDemo.swift */ = {isa = PBXFileReference; lastKnownFileType = sourcecode.swift; path = ViewManipulationDemo.swift; sourceTree = "<group>"; };
		D1A5392D2C7710C50083C351 /* MovieStore.swift */ = {isa = PBXFileReference; lastKnownFileType = sourcecode.swift; path = MovieStore.swift; sourceTree = "<group>"; };
		D1A5392F2C7710EE0083C351 /* Movie.swift */ = {isa = PBXFileReference; lastKnownFileType = sourcecode.swift; path = Movie.swift; sourceTree = "<group>"; };
		D1A539312C7711DD0083C351 /* MovieListView.swift */ = {isa = PBXFileReference; lastKnownFileType = sourcecode.swift; path = MovieListView.swift; sourceTree = "<group>"; };
		D1A539332C7714BC0083C351 /* SampleMovieStoreEnvironment.swift */ = {isa = PBXFileReference; lastKnownFileType = sourcecode.swift; path = SampleMovieStoreEnvironment.swift; sourceTree = "<group>"; };
/* End PBXFileReference section */

/* Begin PBXFrameworksBuildPhase section */
		D121D28E2C7434AD002A9D46 /* Frameworks */ = {
			isa = PBXFrameworksBuildPhase;
			buildActionMask = 2147483647;
			files = (
			);
			runOnlyForDeploymentPostprocessing = 0;
		};
/* End PBXFrameworksBuildPhase section */

/* Begin PBXGroup section */
		D101A3E02C7587C7006EC2ED /* enum */ = {
			isa = PBXGroup;
			children = (
				D101A3E12C7587DA006EC2ED /* UINotificationFeedbackGenerator.swift */,
			);
			name = enum;
			sourceTree = "<group>";
		};
		D101A3E32C758819006EC2ED /* extension */ = {
			isa = PBXGroup;
			children = (
			);
			path = extension;
			sourceTree = "<group>";
		};
		D121D2882C7434AD002A9D46 = {
			isa = PBXGroup;
			children = (
				D121D2932C7434AD002A9D46 /* TestDemo */,
				D121D2922C7434AD002A9D46 /* Products */,
			);
			sourceTree = "<group>";
		};
		D121D2922C7434AD002A9D46 /* Products */ = {
			isa = PBXGroup;
			children = (
				D121D2912C7434AD002A9D46 /* TestDemo.app */,
			);
			name = Products;
			sourceTree = "<group>";
		};
		D121D2932C7434AD002A9D46 /* TestDemo */ = {
			isa = PBXGroup;
			children = (
				D101A3E32C758819006EC2ED /* extension */,
				D101A3E02C7587C7006EC2ED /* enum */,
				D121D2942C7434AD002A9D46 /* TestDemoApp.swift */,
				D121D2962C7434AD002A9D46 /* ContentView.swift */,
				D121D2A42C743A88002A9D46 /* LazyGridSample.swift */,
				D121D2982C7434AD002A9D46 /* Item.swift */,
				D121D2A62C7468F4002A9D46 /* NavigationStackSample.swift */,
				D121D2A82C747C96002A9D46 /* ColorSample.swift */,
				D101A3DE2C75810F006EC2ED /* CarouselView.swift */,
				D101A3E42C7588ED006EC2ED /* FocusStateSample.swift */,
				D1A5392B2C770D400083C351 /* ViewManipulationDemo.swift */,
				D1A5392D2C7710C50083C351 /* MovieStore.swift */,
				D1A5392F2C7710EE0083C351 /* Movie.swift */,
				D1A539312C7711DD0083C351 /* MovieListView.swift */,
				D1A539332C7714BC0083C351 /* SampleMovieStoreEnvironment.swift */,
				D121D29A2C7434AE002A9D46 /* Assets.xcassets */,
				D121D29C2C7434AE002A9D46 /* Preview Content */,
			);
			path = TestDemo;
			sourceTree = "<group>";
		};
		D121D29C2C7434AE002A9D46 /* Preview Content */ = {
			isa = PBXGroup;
			children = (
				D121D29D2C7434AE002A9D46 /* Preview Assets.xcassets */,
			);
			path = "Preview Content";
			sourceTree = "<group>";
		};
/* End PBXGroup section */

/* Begin PBXNativeTarget section */
		D121D2902C7434AD002A9D46 /* TestDemo */ = {
			isa = PBXNativeTarget;
			buildConfigurationList = D121D2A12C7434AE002A9D46 /* Build configuration list for PBXNativeTarget "TestDemo" */;
			buildPhases = (
				D121D28D2C7434AD002A9D46 /* Sources */,
				D121D28E2C7434AD002A9D46 /* Frameworks */,
				D121D28F2C7434AD002A9D46 /* Resources */,
			);
			buildRules = (
			);
			dependencies = (
			);
			name = TestDemo;
			productName = TestDemo;
			productReference = D121D2912C7434AD002A9D46 /* TestDemo.app */;
			productType = "com.apple.product-type.application";
		};
/* End PBXNativeTarget section */

/* Begin PBXProject section */
		D121D2892C7434AD002A9D46 /* Project object */ = {
			isa = PBXProject;
			attributes = {
				BuildIndependentTargetsInParallel = 1;
				LastSwiftUpdateCheck = 1540;
				LastUpgradeCheck = 1540;
				TargetAttributes = {
					D121D2902C7434AD002A9D46 = {
						CreatedOnToolsVersion = 15.4;
					};
				};
			};
			buildConfigurationList = D121D28C2C7434AD002A9D46 /* Build configuration list for PBXProject "TestDemo" */;
			compatibilityVersion = "Xcode 14.0";
			developmentRegion = en;
			hasScannedForEncodings = 0;
			knownRegions = (
				en,
				Base,
			);
			mainGroup = D121D2882C7434AD002A9D46;
			productRefGroup = D121D2922C7434AD002A9D46 /* Products */;
			projectDirPath = "";
			projectRoot = "";
			targets = (
				D121D2902C7434AD002A9D46 /* TestDemo */,
			);
		};
/* End PBXProject section */

/* Begin PBXResourcesBuildPhase section */
		D121D28F2C7434AD002A9D46 /* Resources */ = {
			isa = PBXResourcesBuildPhase;
			buildActionMask = 2147483647;
			files = (
				D121D29E2C7434AE002A9D46 /* Preview Assets.xcassets in Resources */,
				D121D29B2C7434AE002A9D46 /* Assets.xcassets in Resources */,
			);
			runOnlyForDeploymentPostprocessing = 0;
		};
/* End PBXResourcesBuildPhase section */

/* Begin PBXSourcesBuildPhase section */
		D121D28D2C7434AD002A9D46 /* Sources */ = {
			isa = PBXSourcesBuildPhase;
			buildActionMask = 2147483647;
			files = (
				D1A5392E2C7710C50083C351 /* MovieStore.swift in Sources */,
				D121D2972C7434AD002A9D46 /* ContentView.swift in Sources */,
				D1A539302C7710EE0083C351 /* Movie.swift in Sources */,
				D101A3E22C7587DA006EC2ED /* UINotificationFeedbackGenerator.swift in Sources */,
				D121D2A72C7468F4002A9D46 /* NavigationStackSample.swift in Sources */,
				D1A5392C2C770D400083C351 /* ViewManipulationDemo.swift in Sources */,
				D1A539342C7714BC0083C351 /* SampleMovieStoreEnvironment.swift in Sources */,
				D101A3E52C7588ED006EC2ED /* FocusStateSample.swift in Sources */,
				D121D2992C7434AD002A9D46 /* Item.swift in Sources */,
				D121D2952C7434AD002A9D46 /* TestDemoApp.swift in Sources */,
				D101A3DF2C75810F006EC2ED /* CarouselView.swift in Sources */,
				D1A539322C7711DD0083C351 /* MovieListView.swift in Sources */,
				D121D2A52C743A88002A9D46 /* LazyGridSample.swift in Sources */,
				D121D2A92C747C96002A9D46 /* ColorSample.swift in Sources */,
			);
			runOnlyForDeploymentPostprocessing = 0;
		};
/* End PBXSourcesBuildPhase section */

/* Begin XCBuildConfiguration section */
		D121D29F2C7434AE002A9D46 /* Debug */ = {
			isa = XCBuildConfiguration;
			buildSettings = {
				ALWAYS_SEARCH_USER_PATHS = NO;
				ASSETCATALOG_COMPILER_GENERATE_SWIFT_ASSET_SYMBOL_EXTENSIONS = YES;
				CLANG_ANALYZER_NONNULL = YES;
				CLANG_ANALYZER_NUMBER_OBJECT_CONVERSION = YES_AGGRESSIVE;
				CLANG_CXX_LANGUAGE_STANDARD = "gnu++20";
				CLANG_ENABLE_MODULES = YES;
				CLANG_ENABLE_OBJC_ARC = YES;
				CLANG_ENABLE_OBJC_WEAK = YES;
				CLANG_WARN_BLOCK_CAPTURE_AUTORELEASING = YES;
				CLANG_WARN_BOOL_CONVERSION = YES;
				CLANG_WARN_COMMA = YES;
				CLANG_WARN_CONSTANT_CONVERSION = YES;
				CLANG_WARN_DEPRECATED_OBJC_IMPLEMENTATIONS = YES;
				CLANG_WARN_DIRECT_OBJC_ISA_USAGE = YES_ERROR;
				CLANG_WARN_DOCUMENTATION_COMMENTS = YES;
				CLANG_WARN_EMPTY_BODY = YES;
				CLANG_WARN_ENUM_CONVERSION = YES;
				CLANG_WARN_INFINITE_RECURSION = YES;
				CLANG_WARN_INT_CONVERSION = YES;
				CLANG_WARN_NON_LITERAL_NULL_CONVERSION = YES;
				CLANG_WARN_OBJC_IMPLICIT_RETAIN_SELF = YES;
				CLANG_WARN_OBJC_LITERAL_CONVERSION = YES;
				CLANG_WARN_OBJC_ROOT_CLASS = YES_ERROR;
				CLANG_WARN_QUOTED_INCLUDE_IN_FRAMEWORK_HEADER = YES;
				CLANG_WARN_RANGE_LOOP_ANALYSIS = YES;
				CLANG_WARN_STRICT_PROTOTYPES = YES;
				CLANG_WARN_SUSPICIOUS_MOVE = YES;
				CLANG_WARN_UNGUARDED_AVAILABILITY = YES_AGGRESSIVE;
				CLANG_WARN_UNREACHABLE_CODE = YES;
				CLANG_WARN__DUPLICATE_METHOD_MATCH = YES;
				COPY_PHASE_STRIP = NO;
				DEBUG_INFORMATION_FORMAT = dwarf;
				ENABLE_STRICT_OBJC_MSGSEND = YES;
				ENABLE_TESTABILITY = YES;
				ENABLE_USER_SCRIPT_SANDBOXING = YES;
				GCC_C_LANGUAGE_STANDARD = gnu17;
				GCC_DYNAMIC_NO_PIC = NO;
				GCC_NO_COMMON_BLOCKS = YES;
				GCC_OPTIMIZATION_LEVEL = 0;
				GCC_PREPROCESSOR_DEFINITIONS = (
					"DEBUG=1",
					"$(inherited)",
				);
				GCC_WARN_64_TO_32_BIT_CONVERSION = YES;
				GCC_WARN_ABOUT_RETURN_TYPE = YES_ERROR;
				GCC_WARN_UNDECLARED_SELECTOR = YES;
				GCC_WARN_UNINITIALIZED_AUTOS = YES_AGGRESSIVE;
				GCC_WARN_UNUSED_FUNCTION = YES;
				GCC_WARN_UNUSED_VARIABLE = YES;
				IPHONEOS_DEPLOYMENT_TARGET = 17.5;
				LOCALIZATION_PREFERS_STRING_CATALOGS = YES;
				MTL_ENABLE_DEBUG_INFO = INCLUDE_SOURCE;
				MTL_FAST_MATH = YES;
				ONLY_ACTIVE_ARCH = YES;
				SDKROOT = iphoneos;
				SWIFT_ACTIVE_COMPILATION_CONDITIONS = "DEBUG $(inherited)";
				SWIFT_OPTIMIZATION_LEVEL = "-Onone";
			};
			name = Debug;
		};
		D121D2A02C7434AE002A9D46 /* Release */ = {
			isa = XCBuildConfiguration;
			buildSettings = {
				ALWAYS_SEARCH_USER_PATHS = NO;
				ASSETCATALOG_COMPILER_GENERATE_SWIFT_ASSET_SYMBOL_EXTENSIONS = YES;
				CLANG_ANALYZER_NONNULL = YES;
				CLANG_ANALYZER_NUMBER_OBJECT_CONVERSION = YES_AGGRESSIVE;
				CLANG_CXX_LANGUAGE_STANDARD = "gnu++20";
				CLANG_ENABLE_MODULES = YES;
				CLANG_ENABLE_OBJC_ARC = YES;
				CLANG_ENABLE_OBJC_WEAK = YES;
				CLANG_WARN_BLOCK_CAPTURE_AUTORELEASING = YES;
				CLANG_WARN_BOOL_CONVERSION = YES;
				CLANG_WARN_COMMA = YES;
				CLANG_WARN_CONSTANT_CONVERSION = YES;
				CLANG_WARN_DEPRECATED_OBJC_IMPLEMENTATIONS = YES;
				CLANG_WARN_DIRECT_OBJC_ISA_USAGE = YES_ERROR;
				CLANG_WARN_DOCUMENTATION_COMMENTS = YES;
				CLANG_WARN_EMPTY_BODY = YES;
				CLANG_WARN_ENUM_CONVERSION = YES;
				CLANG_WARN_INFINITE_RECURSION = YES;
				CLANG_WARN_INT_CONVERSION = YES;
				CLANG_WARN_NON_LITERAL_NULL_CONVERSION = YES;
				CLANG_WARN_OBJC_IMPLICIT_RETAIN_SELF = YES;
				CLANG_WARN_OBJC_LITERAL_CONVERSION = YES;
				CLANG_WARN_OBJC_ROOT_CLASS = YES_ERROR;
				CLANG_WARN_QUOTED_INCLUDE_IN_FRAMEWORK_HEADER = YES;
				CLANG_WARN_RANGE_LOOP_ANALYSIS = YES;
				CLANG_WARN_STRICT_PROTOTYPES = YES;
				CLANG_WARN_SUSPICIOUS_MOVE = YES;
				CLANG_WARN_UNGUARDED_AVAILABILITY = YES_AGGRESSIVE;
				CLANG_WARN_UNREACHABLE_CODE = YES;
				CLANG_WARN__DUPLICATE_METHOD_MATCH = YES;
				COPY_PHASE_STRIP = NO;
				DEBUG_INFORMATION_FORMAT = "dwarf-with-dsym";
				ENABLE_NS_ASSERTIONS = NO;
				ENABLE_STRICT_OBJC_MSGSEND = YES;
				ENABLE_USER_SCRIPT_SANDBOXING = YES;
				GCC_C_LANGUAGE_STANDARD = gnu17;
				GCC_NO_COMMON_BLOCKS = YES;
				GCC_WARN_64_TO_32_BIT_CONVERSION = YES;
				GCC_WARN_ABOUT_RETURN_TYPE = YES_ERROR;
				GCC_WARN_UNDECLARED_SELECTOR = YES;
				GCC_WARN_UNINITIALIZED_AUTOS = YES_AGGRESSIVE;
				GCC_WARN_UNUSED_FUNCTION = YES;
				GCC_WARN_UNUSED_VARIABLE = YES;
				IPHONEOS_DEPLOYMENT_TARGET = 17.5;
				LOCALIZATION_PREFERS_STRING_CATALOGS = YES;
				MTL_ENABLE_DEBUG_INFO = NO;
				MTL_FAST_MATH = YES;
				SDKROOT = iphoneos;
				SWIFT_COMPILATION_MODE = wholemodule;
				VALIDATE_PRODUCT = YES;
			};
			name = Release;
		};
		D121D2A22C7434AE002A9D46 /* Debug */ = {
			isa = XCBuildConfiguration;
			buildSettings = {
				ASSETCATALOG_COMPILER_APPICON_NAME = AppIcon;
				ASSETCATALOG_COMPILER_GLOBAL_ACCENT_COLOR_NAME = AccentColor;
				CODE_SIGN_STYLE = Automatic;
				CURRENT_PROJECT_VERSION = 1;
				DEVELOPMENT_ASSET_PATHS = "\"TestDemo/Preview Content\"";
				DEVELOPMENT_TEAM = A5JCEG67BA;
				ENABLE_PREVIEWS = YES;
				GENERATE_INFOPLIST_FILE = YES;
				INFOPLIST_KEY_UIApplicationSceneManifest_Generation = YES;
				INFOPLIST_KEY_UIApplicationSupportsIndirectInputEvents = YES;
				INFOPLIST_KEY_UILaunchScreen_Generation = YES;
				INFOPLIST_KEY_UISupportedInterfaceOrientations_iPad = "UIInterfaceOrientationPortrait UIInterfaceOrientationPortraitUpsideDown UIInterfaceOrientationLandscapeLeft UIInterfaceOrientationLandscapeRight";
				INFOPLIST_KEY_UISupportedInterfaceOrientations_iPhone = "UIInterfaceOrientationPortrait UIInterfaceOrientationLandscapeLeft UIInterfaceOrientationLandscapeRight";
				LD_RUNPATH_SEARCH_PATHS = (
					"$(inherited)",
					"@executable_path/Frameworks",
				);
				MARKETING_VERSION = 1.0;
				PRODUCT_BUNDLE_IDENTIFIER = com.cl.TestDemo;
				PRODUCT_NAME = "$(TARGET_NAME)";
				SWIFT_EMIT_LOC_STRINGS = YES;
				SWIFT_VERSION = 5.0;
				TARGETED_DEVICE_FAMILY = "1,2";
			};
			name = Debug;
		};
		D121D2A32C7434AE002A9D46 /* Release */ = {
			isa = XCBuildConfiguration;
			buildSettings = {
				ASSETCATALOG_COMPILER_APPICON_NAME = AppIcon;
				ASSETCATALOG_COMPILER_GLOBAL_ACCENT_COLOR_NAME = AccentColor;
				CODE_SIGN_STYLE = Automatic;
				CURRENT_PROJECT_VERSION = 1;
				DEVELOPMENT_ASSET_PATHS = "\"TestDemo/Preview Content\"";
				DEVELOPMENT_TEAM = A5JCEG67BA;
				ENABLE_PREVIEWS = YES;
				GENERATE_INFOPLIST_FILE = YES;
				INFOPLIST_KEY_UIApplicationSceneManifest_Generation = YES;
				INFOPLIST_KEY_UIApplicationSupportsIndirectInputEvents = YES;
				INFOPLIST_KEY_UILaunchScreen_Generation = YES;
				INFOPLIST_KEY_UISupportedInterfaceOrientations_iPad = "UIInterfaceOrientationPortrait UIInterfaceOrientationPortraitUpsideDown UIInterfaceOrientationLandscapeLeft UIInterfaceOrientationLandscapeRight";
				INFOPLIST_KEY_UISupportedInterfaceOrientations_iPhone = "UIInterfaceOrientationPortrait UIInterfaceOrientationLandscapeLeft UIInterfaceOrientationLandscapeRight";
				LD_RUNPATH_SEARCH_PATHS = (
					"$(inherited)",
					"@executable_path/Frameworks",
				);
				MARKETING_VERSION = 1.0;
				PRODUCT_BUNDLE_IDENTIFIER = com.cl.TestDemo;
				PRODUCT_NAME = "$(TARGET_NAME)";
				SWIFT_EMIT_LOC_STRINGS = YES;
				SWIFT_VERSION = 5.0;
				TARGETED_DEVICE_FAMILY = "1,2";
			};
			name = Release;
		};
/* End XCBuildConfiguration section */

/* Begin XCConfigurationList section */
		D121D28C2C7434AD002A9D46 /* Build configuration list for PBXProject "TestDemo" */ = {
			isa = XCConfigurationList;
			buildConfigurations = (
				D121D29F2C7434AE002A9D46 /* Debug */,
				D121D2A02C7434AE002A9D46 /* Release */,
			);
			defaultConfigurationIsVisible = 0;
			defaultConfigurationName = Release;
		};
		D121D2A12C7434AE002A9D46 /* Build configuration list for PBXNativeTarget "TestDemo" */ = {
			isa = XCConfigurationList;
			buildConfigurations = (
				D121D2A22C7434AE002A9D46 /* Debug */,
				D121D2A32C7434AE002A9D46 /* Release */,
			);
			defaultConfigurationIsVisible = 0;
			defaultConfigurationName = Release;
		};
/* End XCConfigurationList section */
	};
	rootObject = D121D2892C7434AD002A9D46 /* Project object */;
}
